
Microsoft Visual Studio Solution File, Format Version 12.00
# Visual Studio Version 16
VisualStudioVersion = 16.0.29215.179
MinimumVisualStudioVersion = 10.0.40219.1
Project("{FAE04EC0-301F-11D3-BF4B-00C04F79EFBC}") = "webdoll", "webdoll\webdoll.csproj", "{5535BA75-4338-4715-A7AD-F346D184C152}"
EndProject
Global
	GlobalSection(SolutionConfigurationPlatforms) = preSolution
		Debug|Any CPU = Debug|Any CPU
		Release|Any CPU = Release|Any CPU
	EndGlobalSection
	GlobalSection(ProjectConfigurationPlatforms) = postSolution
		{5535BA75-4338-4715-A7AD-F346D184C152}.Debug|Any CPU.ActiveCfg = Debug|Any CPU
		{5535BA75-4338-4715-A7AD-F346D184C152}.Debug|Any CPU.Build.0 = Debug|Any CPU
		{5535BA75-4338-4715-A7AD-F346D184C152}.Release|Any CPU.ActiveCfg = Release|Any CPU
		{5535BA75-4338-4715-A7AD-F346D184C152}.Release|Any CPU.Build.0 = Release|Any CPU
	EndGlobalSection
	GlobalSection(SolutionProperties) = preSolution
		HideSolutionNode = FALSE
	EndGlobalSection
	GlobalSection(ExtensibilityGlobals) = postSolution
		SolutionGuid = {921F65BC-AAE5-48D3-AB36-B191CA53542B}
	EndGlobalSection
EndGlobal
